{
  "nodes": {
    "flake-parts": {
      "inputs": {
        "nixpkgs-lib": "nixpkgs-lib"
      },
      "locked": {
        "lastModified": 1778716662,
        "narHash": "sha256-m1Yf0wZ8j1OHjTc2UwHwyQRSnNeSgLJOd7q5Y45hzi4=",
        "owner": "hercules-ci",
        "repo": "flake-parts",
        "rev": "f7c1a2d347e4c52d5fb8d10cb4d94b5884e546fb",
        "type": "github"
      },
      "original": {
        "owner": "hercules-ci",
        "repo": "flake-parts",
        "type": "github"
      }
    },
    "flake-utils": {
      "inputs": {
        "systems": "systems"
      },
      "locked": {
        "lastModified": 1689068808,
        "narHash": "sha256-6ixXo3wt24N/melDWjq70UuHQLxGV8jZvooRanIHXw0=",
        "owner": "numtide",
        "repo": "flake-utils",
        "rev": "919d646de7be200f3bf08cb76ae1f09402b6f9b4",
        "type": "github"
      },
      "original": {
        "owner": "numtide",
        "repo": "flake-utils",
        "type": "github"
      }
    },
    "flake-utils_2": {
      "inputs": {
        "systems": "systems_3"
      },
      "locked": {
        "lastModified": 1731533236,
        "narHash": "sha256-l0KFg5HjrsfsO/JpG+r7fRrqm12kzFHyUHqHCVpMMbI=",
        "owner": "numtide",
        "repo": "flake-utils",
        "rev": "11707dc2f618dd54ca8739b309ec4fc024de578b",
        "type": "github"
      },
      "original": {
        "owner": "numtide",
        "repo": "flake-utils",
        "type": "github"
      }
    },
    "hjem": {
      "inputs": {
        "nix-darwin": "nix-darwin",
        "nixpkgs": [
          "nixpkgs"
        ]
      },
      "locked": {
        "lastModified": 1778659079,
        "narHash": "sha256-ktYBdfwamZly9P0SSrKbZgJReqcdDckgSlvJJnw39UM=",
        "owner": "feel-co",
        "repo": "hjem",
        "rev": "5e7bf117ed06ccf899bcfc421c8a6de00f825c23",
        "type": "github"
      },
      "original": {
        "owner": "feel-co",
        "repo": "hjem",
        "type": "github"
      }
    },
    "hjem-rum": {
      "inputs": {
        "hjem": [
          "hjem"
        ],
        "ndg": "ndg",
        "nix-darwin": "nix-darwin_2",
        "nixpkgs": [
          "nixpkgs"
        ],
        "treefmt-nix": "treefmt-nix"
      },
      "locked": {
        "lastModified": 1778253242,
        "narHash": "sha256-sjsxK/jg/ROXvm9aftnoqubnBFqLBBYnbqHQu8DuEyg=",
        "owner": "snugnug",
        "repo": "hjem-rum",
        "rev": "a58bc6fddc12121797e72a864511d3d8dc8d51ce",
        "type": "github"
      },
      "original": {
        "owner": "snugnug",
        "repo": "hjem-rum",
        "type": "github"
      }
    },
    "import-tree": {
      "locked": {
        "lastModified": 1778781969,
        "narHash": "sha256-Jjuz5CmSkur8KvLDoGa+vylEp+RkQtv4mt/qcMznpH0=",
        "owner": "vic",
        "repo": "import-tree",
        "rev": "d321337efd0f23a9eb14a42adb7b2c29313ab274",
        "type": "github"
      },
      "original": {
        "owner": "vic",
        "repo": "import-tree",
        "type": "github"
      }
    },
    "ndg": {
      "inputs": {
        "nixpkgs": "nixpkgs"
      },
      "locked": {
        "lastModified": 1766342086,
        "narHash": "sha256-vKuCSU8BCUxG8S2/EyOXrCbIQjmY07Jb5Cq3ehnLsnY=",
        "owner": "feel-co",
        "repo": "ndg",
        "rev": "696647a8f0ea1451c02de21b6bdf2a2c9f238d85",
        "type": "github"
      },
      "original": {
        "owner": "feel-co",
        "ref": "v2.5.1",
        "repo": "ndg",
        "type": "github"
      }
    },
    "nix-darwin": {
      "inputs": {
        "nixpkgs": [
          "hjem",
          "nixpkgs"
        ]
      },
      "locked": {
        "lastModified": 1777780666,
        "narHash": "sha256-8wURyQMdDkGUarSTKOGdCuFfYiwa3HbzwscUfn3STDE=",
        "owner": "nix-darwin",
        "repo": "nix-darwin",
        "rev": "8c62fba0854ba15c8917aed18894dbccb48a3777",
        "type": "github"
      },
      "original": {
        "owner": "nix-darwin",
        "repo": "nix-darwin",
        "type": "github"
      }
    },
    "nix-darwin_2": {
      "inputs": {
        "nixpkgs": [
          "hjem-rum",
          "nixpkgs"
        ]
      },
      "locked": {
        "lastModified": 1777780666,
        "narHash": "sha256-8wURyQMdDkGUarSTKOGdCuFfYiwa3HbzwscUfn3STDE=",
        "owner": "nix-darwin",
        "repo": "nix-darwin",
        "rev": "8c62fba0854ba15c8917aed18894dbccb48a3777",
        "type": "github"
      },
      "original": {
        "owner": "nix-darwin",
        "repo": "nix-darwin",
        "type": "github"
      }
    },
    "nixpkgs": {
      "locked": {
        "lastModified": 1766070988,
        "narHash": "sha256-G/WVghka6c4bAzMhTwT2vjLccg/awmHkdKSd2JrycLc=",
        "owner": "NixOS",
        "repo": "nixpkgs",
        "rev": "c6245e83d836d0433170a16eb185cefe0572f8b8",
        "type": "github"
      },
      "original": {
        "owner": "NixOS",
        "ref": "nixos-unstable",
        "repo": "nixpkgs",
        "type": "github"
      }
    },
    "nixpkgs-lib": {
      "locked": {
        "lastModified": 1777168982,
        "narHash": "sha256-GOkGPcboWE9BmGCRMLX3worL4EMnsnG8MyKmXNeYuhQ=",
        "owner": "nix-community",
        "repo": "nixpkgs.lib",
        "rev": "f5901329dade4a6ea039af1433fb087bd9c1fe14",
        "type": "github"
      },
      "original": {
        "owner": "nix-community",
        "repo": "nixpkgs.lib",
        "type": "github"
      }
    },
    "nixpkgs_2": {
      "locked": {
        "lastModified": 1778443072,
        "narHash": "sha256-rNDJzV2JTV5SUTwv1cgKZYMdyoUYU9/YfegSaUf3QfY=",
        "rev": "da5ad661ba4e5ef59ba743f0d112cbc30e474f32",
        "type": "tarball",
        "url": "https://releases.nixos.org/nixos/unstable/nixos-26.05pre995699.da5ad661ba4e/nixexprs.tar.xz"
      },
      "original": {
        "type": "tarball",
        "url": "https://channels.nixos.org/nixos-unstable/nixexprs.tar.xz"
      }
    },
    "probe-rs-rules": {
      "inputs": {
        "flake-utils": "flake-utils",
        "nixpkgs": [
          "nixpkgs"
        ]
      },
      "locked": {
        "lastModified": 1774797100,
        "narHash": "sha256-Yg2mBbqI3yaXvO6dDUMs0QKGH2DLpag6FulMKsmuQ/A=",
        "owner": "jneem",
        "repo": "probe-rs-rules",
        "rev": "5c601076adc309841ac7f6a932b59f296602410e",
        "type": "github"
      },
      "original": {
        "owner": "jneem",
        "repo": "probe-rs-rules",
        "type": "github"
      }
    },
    "root": {
      "inputs": {
        "flake-parts": "flake-parts",
        "hjem": "hjem",
        "hjem-rum": "hjem-rum",
        "import-tree": "import-tree",
        "nixpkgs": "nixpkgs_2",
        "probe-rs-rules": "probe-rs-rules",
        "systems": "systems_2",
        "treefmt-nix": "treefmt-nix_2",
        "zapret": "zapret"
      }
    },
    "systems": {
      "locked": {
        "lastModified": 1681028828,
        "narHash": "sha256-Vy1rq5AaRuLzOxct8nz4T6wlgyUR7zLU309k9mBC768=",
        "owner": "nix-systems",
        "repo": "default",
        "rev": "da67096a3b9bf56a91d16901293e51ba5b49a27e",
        "type": "github"
      },
      "original": {
        "owner": "nix-systems",
        "repo": "default",
        "type": "github"
      }
    },
    "systems_2": {
      "locked": {
        "lastModified": 1681028828,
        "narHash": "sha256-Vy1rq5AaRuLzOxct8nz4T6wlgyUR7zLU309k9mBC768=",
        "owner": "nix-systems",
        "repo": "default",
        "rev": "da67096a3b9bf56a91d16901293e51ba5b49a27e",
        "type": "github"
      },
      "original": {
        "owner": "nix-systems",
        "repo": "default",
        "type": "github"
      }
    },
    "systems_3": {
      "locked": {
        "lastModified": 1681028828,
        "narHash": "sha256-Vy1rq5AaRuLzOxct8nz4T6wlgyUR7zLU309k9mBC768=",
        "owner": "nix-systems",
        "repo": "default",
        "rev": "da67096a3b9bf56a91d16901293e51ba5b49a27e",
        "type": "github"
      },
      "original": {
        "owner": "nix-systems",
        "repo": "default",
        "type": "github"
      }
    },
    "treefmt-nix": {
      "inputs": {
        "nixpkgs": [
          "hjem-rum",
          "nixpkgs"
        ]
      },
      "locked": {
        "lastModified": 1746216483,
        "narHash": "sha256-4h3s1L/kKqt3gMDcVfN8/4v2jqHrgLIe4qok4ApH5x4=",
        "owner": "numtide",
        "repo": "treefmt-nix",
        "rev": "29ec5026372e0dec56f890e50dbe4f45930320fd",
        "type": "github"
      },
      "original": {
        "owner": "numtide",
        "repo": "treefmt-nix",
        "type": "github"
      }
    },
    "treefmt-nix_2": {
      "inputs": {
        "nixpkgs": [
          "nixpkgs"
        ]
      },
      "locked": {
        "lastModified": 1775636079,
        "narHash": "sha256-pc20NRoMdiar8oPQceQT47UUZMBTiMdUuWrYu2obUP0=",
        "owner": "numtide",
        "repo": "treefmt-nix",
        "rev": "790751ff7fd3801feeaf96d7dc416a8d581265ba",
        "type": "github"
      },
      "original": {
        "owner": "numtide",
        "repo": "treefmt-nix",
        "type": "github"
      }
    },
    "zapret": {
      "inputs": {
        "flake-utils": "flake-utils_2",
        "nixpkgs": [
          "nixpkgs"
        ],
        "zapret-flowseal": "zapret-flowseal"
      },
      "locked": {
        "lastModified": 1777795990,
        "narHash": "sha256-ln0P3BrWm8ScrwEhSxjLYPTiWWgsUyLospEj0yqRT6Y=",
        "owner": "kartavkun",
        "repo": "zapret-discord-youtube",
        "rev": "0d8c5524ed50f1ff2e4d805ee8a976c4b907bd37",
        "type": "github"
      },
      "original": {
        "owner": "kartavkun",
        "repo": "zapret-discord-youtube",
        "type": "github"
      }
    },
    "zapret-flowseal": {
      "flake": false,
      "locked": {
        "lastModified": 1778835707,
        "narHash": "sha256-VLs4i0d1uJ9gVs7NhfZBPz2cs4LUcifJvIZDi4dM7ss=",
        "owner": "Flowseal",
        "repo": "zapret-discord-youtube",
        "rev": "197dafcaa3a05ab799df8b17865380d14c78ecb9",
        "type": "github"
      },
      "original": {
        "owner": "Flowseal",
        "repo": "zapret-discord-youtube",
        "type": "github"
      }
    }
  },
  "root": "root",
  "version": 7
}
